
Microsoft Visual Studio Solution File, Format Version 12.00
# Visual Studio 2012
Project("{FAE04EC0-301F-11D3-BF4B-00C04F79EFBC}") = "CNet.Web.Tests", "CNet.Web.Tests\CNet.Web.Tests.csproj", "{31F9D669-4FBB-456D-B7B7-B27F9706705F}"
EndProject
Project("{FAE04EC0-301F-11D3-BF4B-00C04F79EFBC}") = "CNet.PoC", "CNet.PoC\CNet.PoC.csproj", "{0B312C2E-7D74-421E-B25C-4C3BC132508F}"
EndProject
Project("{FAE04EC0-301F-11D3-BF4B-00C04F79EFBC}") = "CNet.Web", "CNet.Web\CNet.Web.csproj", "{F4EC6252-F284-4455-8080-636E64C61B94}"
EndProject
Project("{FAE04EC0-301F-11D3-BF4B-00C04F79EFBC}") = "CNet.Service", "CNet.Service\CNet.Service.csproj", "{52D9FBAE-6CD9-4875-B8F8-96CC9DF1BAAA}"
EndProject
Project("{FAE04EC0-301F-11D3-BF4B-00C04F79EFBC}") = "CNet.Model", "CNet.Model\CNet.Model.csproj", "{3A553AEA-D7CF-4FDC-A2AC-06E576AC2E4F}"
EndProject
Global
	GlobalSection(SolutionConfigurationPlatforms) = preSolution
		Debug|Any CPU = Debug|Any CPU
		Release|Any CPU = Release|Any CPU
	EndGlobalSection
	GlobalSection(ProjectConfigurationPlatforms) = postSolution
		{31F9D669-4FBB-456D-B7B7-B27F9706705F}.Debug|Any CPU.ActiveCfg = Debug|Any CPU
		{31F9D669-4FBB-456D-B7B7-B27F9706705F}.Debug|Any CPU.Build.0 = Debug|Any CPU
		{31F9D669-4FBB-456D-B7B7-B27F9706705F}.Release|Any CPU.ActiveCfg = Release|Any CPU
		{31F9D669-4FBB-456D-B7B7-B27F9706705F}.Release|Any CPU.Build.0 = Release|Any CPU
		{0B312C2E-7D74-421E-B25C-4C3BC132508F}.Debug|Any CPU.ActiveCfg = Debug|Any CPU
		{0B312C2E-7D74-421E-B25C-4C3BC132508F}.Debug|Any CPU.Build.0 = Debug|Any CPU
		{0B312C2E-7D74-421E-B25C-4C3BC132508F}.Release|Any CPU.ActiveCfg = Release|Any CPU
		{0B312C2E-7D74-421E-B25C-4C3BC132508F}.Release|Any CPU.Build.0 = Release|Any CPU
		{F4EC6252-F284-4455-8080-636E64C61B94}.Debug|Any CPU.ActiveCfg = Debug|Any CPU
		{F4EC6252-F284-4455-8080-636E64C61B94}.Debug|Any CPU.Build.0 = Debug|Any CPU
		{F4EC6252-F284-4455-8080-636E64C61B94}.Release|Any CPU.ActiveCfg = Release|Any CPU
		{F4EC6252-F284-4455-8080-636E64C61B94}.Release|Any CPU.Build.0 = Release|Any CPU
		{52D9FBAE-6CD9-4875-B8F8-96CC9DF1BAAA}.Debug|Any CPU.ActiveCfg = Debug|Any CPU
		{52D9FBAE-6CD9-4875-B8F8-96CC9DF1BAAA}.Debug|Any CPU.Build.0 = Debug|Any CPU
		{52D9FBAE-6CD9-4875-B8F8-96CC9DF1BAAA}.Release|Any CPU.ActiveCfg = Release|Any CPU
		{52D9FBAE-6CD9-4875-B8F8-96CC9DF1BAAA}.Release|Any CPU.Build.0 = Release|Any CPU
		{3A553AEA-D7CF-4FDC-A2AC-06E576AC2E4F}.Debug|Any CPU.ActiveCfg = Debug|Any CPU
		{3A553AEA-D7CF-4FDC-A2AC-06E576AC2E4F}.Debug|Any CPU.Build.0 = Debug|Any CPU
		{3A553AEA-D7CF-4FDC-A2AC-06E576AC2E4F}.Release|Any CPU.ActiveCfg = Release|Any CPU
		{3A553AEA-D7CF-4FDC-A2AC-06E576AC2E4F}.Release|Any CPU.Build.0 = Release|Any CPU
	EndGlobalSection
	GlobalSection(SolutionProperties) = preSolution
		HideSolutionNode = FALSE
	EndGlobalSection
EndGlobal
